
Microsoft Visual Studio Solution File, Format Version 12.00
# Visual Studio 15
VisualStudioVersion = 15.0.27428.2002
MinimumVisualStudioVersion = 10.0.40219.1
Project("{FAE04EC0-301F-11D3-BF4B-00C04F79EFBC}") = "Asit4U_API", "Asit4U_API\Asit4U_API.csproj", "{17F2BBBC-6643-481D-84AF-0FEC6A1645D7}"
EndProject
Project("{FAE04EC0-301F-11D3-BF4B-00C04F79EFBC}") = "Asit4U_WebApp", "Asit4U_WebApp\Asit4U_WebApp.csproj", "{6D61897F-16DD-46B0-BEC1-D8061DCDF404}"
EndProject
Global
	GlobalSection(SolutionConfigurationPlatforms) = preSolution
		Debug|Any CPU = Debug|Any CPU
		Release|Any CPU = Release|Any CPU
	EndGlobalSection
	GlobalSection(ProjectConfigurationPlatforms) = postSolution
		{17F2BBBC-6643-481D-84AF-0FEC6A1645D7}.Debug|Any CPU.ActiveCfg = Debug|Any CPU
		{17F2BBBC-6643-481D-84AF-0FEC6A1645D7}.Debug|Any CPU.Build.0 = Debug|Any CPU
		{17F2BBBC-6643-481D-84AF-0FEC6A1645D7}.Release|Any CPU.ActiveCfg = Release|Any CPU
		{17F2BBBC-6643-481D-84AF-0FEC6A1645D7}.Release|Any CPU.Build.0 = Release|Any CPU
		{6D61897F-16DD-46B0-BEC1-D8061DCDF404}.Debug|Any CPU.ActiveCfg = Debug|Any CPU
		{6D61897F-16DD-46B0-BEC1-D8061DCDF404}.Debug|Any CPU.Build.0 = Debug|Any CPU
		{6D61897F-16DD-46B0-BEC1-D8061DCDF404}.Release|Any CPU.ActiveCfg = Release|Any CPU
		{6D61897F-16DD-46B0-BEC1-D8061DCDF404}.Release|Any CPU.Build.0 = Release|Any CPU
	EndGlobalSection
	GlobalSection(SolutionProperties) = preSolution
		HideSolutionNode = FALSE
	EndGlobalSection
	GlobalSection(ExtensibilityGlobals) = postSolution
		SolutionGuid = {FB682533-89F3-4A94-AADA-46406620406F}
	EndGlobalSection
EndGlobal
